// !$*UTF8*$!
{
	archiveVersion = 1;
	classes = {
	};
	objectVersion = 46;
	objects = {

/* Begin PBXBuildFile section */
		9C5673B71A0681210008E530 /* libGraphics2D.dylib in Frameworks */ = {isa = PBXBuildFile; fileRef = 9C5673B61A0681210008E530 /* libGraphics2D.dylib */; };
		9C5A473D1A0973B9005EAA85 /* main.cpp in Sources */ = {isa = PBXBuildFile; fileRef = 9C5A473C1A0973B9005EAA85 /* main.cpp */; };
		9CC98FDF1A06AD8100B42189 /* mandrill.png in CopyFiles */ = {isa = PBXBuildFile; fileRef = 9CC98FDE1A06AD7A00B42189 /* mandrill.png */; };
/* End PBXBuildFile section */

/* Begin PBXCopyFilesBuildPhase section */
		9C5673A11A067D590008E530 /* CopyFiles */ = {
			isa = PBXCopyFilesBuildPhase;
			buildActionMask = 12;
			dstPath = "";
			dstSubfolderSpec = 7;
			files = (
				9CC98FDF1A06AD8100B42189 /* mandrill.png in CopyFiles */,
			);
			runOnlyForDeploymentPostprocessing = 0;
		};
/* End PBXCopyFilesBuildPhase section */

/* Begin PBXFileReference section */
		9C5673A31A067D590008E530 /* Graphics2DTest */ = {isa = PBXFileReference; explicitFileType = "compiled.mach-o.executable"; includeInIndex = 0; path = Graphics2DTest; sourceTree = BUILT_PRODUCTS_DIR; };
		9C5673B51A067F400008E530 /* Graphics2D.h */ = {isa = PBXFileReference; fileEncoding = 4; lastKnownFileType = sourcecode.c.h; name = Graphics2D.h; path = ../../Graphics2D/Graphics2D.h; sourceTree = "<group>"; };
		9C5673B61A0681210008E530 /* libGraphics2D.dylib */ = {isa = PBXFileReference; lastKnownFileType = "compiled.mach-o.dylib"; name = libGraphics2D.dylib; path = "../../../../../Library/Developer/Xcode/DerivedData/Graphics2D-bkxztlojmwkpsmdqpzpmhussiwke/Build/Products/Debug/libGraphics2D.dylib"; sourceTree = "<group>"; };
		9C5A473C1A0973B9005EAA85 /* main.cpp */ = {isa = PBXFileReference; fileEncoding = 4; lastKnownFileType = sourcecode.cpp.cpp; path = main.cpp; sourceTree = "<group>"; };
		9CC98FDE1A06AD7A00B42189 /* mandrill.png */ = {isa = PBXFileReference; lastKnownFileType = image.png; path = mandrill.png; sourceTree = "<group>"; };
/* End PBXFileReference section */

/* Begin PBXFrameworksBuildPhase section */
		9C5673A01A067D590008E530 /* Frameworks */ = {
			isa = PBXFrameworksBuildPhase;
			buildActionMask = 2147483647;
			files = (
				9C5673B71A0681210008E530 /* libGraphics2D.dylib in Frameworks */,
			);
			runOnlyForDeploymentPostprocessing = 0;
		};
/* End PBXFrameworksBuildPhase section */

/* Begin PBXGroup section */
		9C56739A1A067D590008E530 = {
			isa = PBXGroup;
			children = (
				9CC98FDE1A06AD7A00B42189 /* mandrill.png */,
				9C5673B61A0681210008E530 /* libGraphics2D.dylib */,
				9C5673A51A067D590008E530 /* Graphics2DTest */,
				9C5673A41A067D590008E530 /* Products */,
			);
			sourceTree = "<group>";
		};
		9C5673A41A067D590008E530 /* Products */ = {
			isa = PBXGroup;
			children = (
				9C5673A31A067D590008E530 /* Graphics2DTest */,
			);
			name = Products;
			sourceTree = "<group>";
		};
		9C5673A51A067D590008E530 /* Graphics2DTest */ = {
			isa = PBXGroup;
			children = (
				9C5A473C1A0973B9005EAA85 /* main.cpp */,
				9C5673B51A067F400008E530 /* Graphics2D.h */,
			);
			path = Graphics2DTest;
			sourceTree = "<group>";
		};
/* End PBXGroup section */

/* Begin PBXNativeTarget section */
		9C5673A21A067D590008E530 /* Graphics2DTest */ = {
			isa = PBXNativeTarget;
			buildConfigurationList = 9C5673AA1A067D590008E530 /* Build configuration list for PBXNativeTarget "Graphics2DTest" */;
			buildPhases = (
				9C56739F1A067D590008E530 /* Sources */,
				9C5673A01A067D590008E530 /* Frameworks */,
				9C5673A11A067D590008E530 /* CopyFiles */,
			);
			buildRules = (
			);
			dependencies = (
			);
			name = Graphics2DTest;
			productName = Graphics2DTest;
			productReference = 9C5673A31A067D590008E530 /* Graphics2DTest */;
			productType = "com.apple.product-type.tool";
		};
/* End PBXNativeTarget section */

/* Begin PBXProject section */
		9C56739B1A067D590008E530 /* Project object */ = {
			isa = PBXProject;
			attributes = {
				LastUpgradeCheck = 0610;
				ORGANIZATIONNAME = "Jeffrey Kesselman";
				TargetAttributes = {
					9C5673A21A067D590008E530 = {
						CreatedOnToolsVersion = 6.1;
					};
				};
			};
			buildConfigurationList = 9C56739E1A067D590008E530 /* Build configuration list for PBXProject "Graphics2DTest" */;
			compatibilityVersion = "Xcode 3.2";
			developmentRegion = English;
			hasScannedForEncodings = 0;
			knownRegions = (
				en,
			);
			mainGroup = 9C56739A1A067D590008E530;
			productRefGroup = 9C5673A41A067D590008E530 /* Products */;
			projectDirPath = "";
			projectRoot = "";
			targets = (
				9C5673A21A067D590008E530 /* Graphics2DTest */,
			);
		};
/* End PBXProject section */

/* Begin PBXSourcesBuildPhase section */
		9C56739F1A067D590008E530 /* Sources */ = {
			isa = PBXSourcesBuildPhase;
			buildActionMask = 2147483647;
			files = (
				9C5A473D1A0973B9005EAA85 /* main.cpp in Sources */,
			);
			runOnlyForDeploymentPostprocessing = 0;
		};
/* End PBXSourcesBuildPhase section */

/* Begin XCBuildConfiguration section */
		9C5673A81A067D590008E530 /* Debug */ = {
			isa = XCBuildConfiguration;
			buildSettings = {
				ALWAYS_SEARCH_USER_PATHS = NO;
				CLANG_CXX_LANGUAGE_STANDARD = "gnu++0x";
				CLANG_CXX_LIBRARY = "libc++";
				CLANG_ENABLE_MODULES = YES;
				CLANG_ENABLE_OBJC_ARC = YES;
				CLANG_WARN_BOOL_CONVERSION = YES;
				CLANG_WARN_CONSTANT_CONVERSION = YES;
				CLANG_WARN_DIRECT_OBJC_ISA_USAGE = YES_ERROR;
				CLANG_WARN_EMPTY_BODY = YES;
				CLANG_WARN_ENUM_CONVERSION = YES;
				CLANG_WARN_INT_CONVERSION = YES;
				CLANG_WARN_OBJC_ROOT_CLASS = YES_ERROR;
				CLANG_WARN_UNREACHABLE_CODE = YES;
				CLANG_WARN__DUPLICATE_METHOD_MATCH = YES;
				COPY_PHASE_STRIP = NO;
				ENABLE_STRICT_OBJC_MSGSEND = YES;
				GCC_C_LANGUAGE_STANDARD = gnu99;
				GCC_DYNAMIC_NO_PIC = NO;
				GCC_OPTIMIZATION_LEVEL = 0;
				GCC_PREPROCESSOR_DEFINITIONS = (
					"DEBUG=1",
					"$(inherited)",
				);
				GCC_SYMBOLS_PRIVATE_EXTERN = NO;
				GCC_WARN_64_TO_32_BIT_CONVERSION = YES;
				GCC_WARN_ABOUT_RETURN_TYPE = YES_ERROR;
				GCC_WARN_UNDECLARED_SELECTOR = YES;
				GCC_WARN_UNINITIALIZED_AUTOS = YES_AGGRESSIVE;
				GCC_WARN_UNUSED_FUNCTION = YES;
				GCC_WARN_UNUSED_VARIABLE = YES;
				MACOSX_DEPLOYMENT_TARGET = 10.9;
				MTL_ENABLE_DEBUG_INFO = YES;
				ONLY_ACTIVE_ARCH = YES;
				SDKROOT = macosx;
			};
			name = Debug;
		};
		9C5673A91A067D590008E530 /* Release */ = {
			isa = XCBuildConfiguration;
			buildSettings = {
				ALWAYS_SEARCH_USER_PATHS = NO;
				CLANG_CXX_LANGUAGE_STANDARD = "gnu++0x";
				CLANG_CXX_LIBRARY = "libc++";
				CLANG_ENABLE_MODULES = YES;
				CLANG_ENABLE_OBJC_ARC = YES;
				CLANG_WARN_BOOL_CONVERSION = YES;
				CLANG_WARN_CONSTANT_CONVERSION = YES;
				CLANG_WARN_DIRECT_OBJC_ISA_USAGE = YES_ERROR;
				CLANG_WARN_EMPTY_BODY = YES;
				CLANG_WARN_ENUM_CONVERSION = YES;
				CLANG_WARN_INT_CONVERSION = YES;
				CLANG_WARN_OBJC_ROOT_CLASS = YES_ERROR;
				CLANG_WARN_UNREACHABLE_CODE = YES;
				CLANG_WARN__DUPLICATE_METHOD_MATCH = YES;
				COPY_PHASE_STRIP = YES;
				DEBUG_INFORMATION_FORMAT = "dwarf-with-dsym";
				ENABLE_NS_ASSERTIONS = NO;
				ENABLE_STRICT_OBJC_MSGSEND = YES;
				GCC_C_LANGUAGE_STANDARD = gnu99;
				GCC_WARN_64_TO_32_BIT_CONVERSION = YES;
				GCC_WARN_ABOUT_RETURN_TYPE = YES_ERROR;
				GCC_WARN_UNDECLARED_SELECTOR = YES;
				GCC_WARN_UNINITIALIZED_AUTOS = YES_AGGRESSIVE;
				GCC_WARN_UNUSED_FUNCTION = YES;
				GCC_WARN_UNUSED_VARIABLE = YES;
				MACOSX_DEPLOYMENT_TARGET = 10.9;
				MTL_ENABLE_DEBUG_INFO = NO;
				SDKROOT = macosx;
			};
			name = Release;
		};
		9C5673AB1A067D590008E530 /* Debug */ = {
			isa = XCBuildConfiguration;
			buildSettings = {
				HEADER_SEARCH_PATHS = (
					"$(PROJECT_DIR)/..",
					"$(inherited)",
					/Applications/Xcode.app/Contents/Developer/Toolchains/XcodeDefault.xctoolchain/usr/include,
				);
				LIBRARY_SEARCH_PATHS = (
					"$(inherited)",
					"$(USER_LIBRARY_DIR)/Developer/Xcode/DerivedData/Graphics2D-bkxztlojmwkpsmdqpzpmhussiwke/Build/Products/Debug",
				);
				PRODUCT_NAME = "$(TARGET_NAME)";
			};
			name = Debug;
		};
		9C5673AC1A067D590008E530 /* Release */ = {
			isa = XCBuildConfiguration;
			buildSettings = {
				HEADER_SEARCH_PATHS = (
					"$(PROJECT_DIR)/..",
					"$(inherited)",
					/Applications/Xcode.app/Contents/Developer/Toolchains/XcodeDefault.xctoolchain/usr/include,
				);
				LIBRARY_SEARCH_PATHS = (
					"$(inherited)",
					"$(USER_LIBRARY_DIR)/Developer/Xcode/DerivedData/Graphics2D-bkxztlojmwkpsmdqpzpmhussiwke/Build/Products/Debug",
				);
				PRODUCT_NAME = "$(TARGET_NAME)";
			};
			name = Release;
		};
/* End XCBuildConfiguration section */

/* Begin XCConfigurationList section */
		9C56739E1A067D590008E530 /* Build configuration list for PBXProject "Graphics2DTest" */ = {
			isa = XCConfigurationList;
			buildConfigurations = (
				9C5673A81A067D590008E530 /* Debug */,
				9C5673A91A067D590008E530 /* Release */,
			);
			defaultConfigurationIsVisible = 0;
			defaultConfigurationName = Release;
		};
		9C5673AA1A067D590008E530 /* Build configuration list for PBXNativeTarget "Graphics2DTest" */ = {
			isa = XCConfigurationList;
			buildConfigurations = (
				9C5673AB1A067D590008E530 /* Debug */,
				9C5673AC1A067D590008E530 /* Release */,
			);
			defaultConfigurationIsVisible = 0;
			defaultConfigurationName = Release;
		};
/* End XCConfigurationList section */
	};
	rootObject = 9C56739B1A067D590008E530 /* Project object */;
}
